
Microsoft Visual Studio Solution File, Format Version 12.00
# Visual Studio 15
VisualStudioVersion = 15.0.27703.2035
MinimumVisualStudioVersion = 10.0.40219.1
Project("{9A19103F-16F7-4668-BE54-9A1E7A4F7556}") = "WASP", "WASP\WASP.csproj", "{176469AE-7C82-4961-B49C-8E870E9C9E9C}"
EndProject
Project("{E53339B2-1760-4266-BCC7-CA923CBCF16C}") = "docker-compose", "docker-compose.dcproj", "{8570B4D1-6F9B-44E9-9C1B-ECDB4C2F794F}"
EndProject
Global
	GlobalSection(SolutionConfigurationPlatforms) = preSolution
		Debug|Any CPU = Debug|Any CPU
		Release|Any CPU = Release|Any CPU
	EndGlobalSection
	GlobalSection(ProjectConfigurationPlatforms) = postSolution
		{176469AE-7C82-4961-B49C-8E870E9C9E9C}.Debug|Any CPU.ActiveCfg = Debug|Any CPU
		{176469AE-7C82-4961-B49C-8E870E9C9E9C}.Debug|Any CPU.Build.0 = Debug|Any CPU
		{176469AE-7C82-4961-B49C-8E870E9C9E9C}.Release|Any CPU.ActiveCfg = Release|Any CPU
		{176469AE-7C82-4961-B49C-8E870E9C9E9C}.Release|Any CPU.Build.0 = Release|Any CPU
		{8570B4D1-6F9B-44E9-9C1B-ECDB4C2F794F}.Debug|Any CPU.ActiveCfg = Debug|Any CPU
		{8570B4D1-6F9B-44E9-9C1B-ECDB4C2F794F}.Debug|Any CPU.Build.0 = Debug|Any CPU
		{8570B4D1-6F9B-44E9-9C1B-ECDB4C2F794F}.Release|Any CPU.ActiveCfg = Release|Any CPU
		{8570B4D1-6F9B-44E9-9C1B-ECDB4C2F794F}.Release|Any CPU.Build.0 = Release|Any CPU
	EndGlobalSection
	GlobalSection(SolutionProperties) = preSolution
		HideSolutionNode = FALSE
	EndGlobalSection
	GlobalSection(ExtensibilityGlobals) = postSolution
		SolutionGuid = {265CE3C9-C4DD-439E-BE95-50D948F55529}
	EndGlobalSection
EndGlobal
